{
	"name": "@dom-for-node/dom-chips",
	"version": "1.0.1",
	"lockfileVersion": 1,
	"requires": true,
	"dependencies": {
		"@dom-for-node/tools": {
			"version": "0.0.4",
			"resolved": "https://registry.npmjs.org/@dom-for-node/tools/-/tools-0.0.4.tgz",
			"integrity": "sha512-q+yA3UfUfgYUJqFFIkozfBO6pIDVUPMSdrpxPte/kCPZKAGw4Ep795/Zx2XFRRSKew0Cx8dtkdvezCFCpxNiBA=="
		}
	}
}
